
Microsoft Visual Studio Solution File, Format Version 12.00
# Visual Studio Version 17
VisualStudioVersion = 17.13.35931.197
MinimumVisualStudioVersion = 10.0.40219.1
Project("{FAE04EC0-301F-11D3-BF4B-00C04F79EFBC}") = "OfficeApp", "OfficeApp\OfficeApp.csproj", "{9395BE76-DA06-4F71-BE9E-0E301B30AC28}"
EndProject
Project("{2150E333-8FDC-42A3-9474-1A3956D46DE8}") = "Solution Items", "Solution Items", "{02EA681E-C7D8-13C7-8484-4AC65E1B71E8}"
	ProjectSection(SolutionItems) = preProject
		.editorconfig = .editorconfig
	EndProjectSection
EndProject
Global
	GlobalSection(SolutionConfigurationPlatforms) = preSolution
		Debug|Any CPU = Debug|Any CPU
		Release|Any CPU = Release|Any CPU
	EndGlobalSection
	GlobalSection(ProjectConfigurationPlatforms) = postSolution
		{9395BE76-DA06-4F71-BE9E-0E301B30AC28}.Debug|Any CPU.ActiveCfg = Debug|Any CPU
		{9395BE76-DA06-4F71-BE9E-0E301B30AC28}.Debug|Any CPU.Build.0 = Debug|Any CPU
		{9395BE76-DA06-4F71-BE9E-0E301B30AC28}.Release|Any CPU.ActiveCfg = Release|Any CPU
		{9395BE76-DA06-4F71-BE9E-0E301B30AC28}.Release|Any CPU.Build.0 = Release|Any CPU
	EndGlobalSection
	GlobalSection(SolutionProperties) = preSolution
		HideSolutionNode = FALSE
	EndGlobalSection
	GlobalSection(ExtensibilityGlobals) = postSolution
		SolutionGuid = {A4DBF063-1F2B-4832-8006-EF5B5BE7FFBE}
	EndGlobalSection
EndGlobal
